# This file was autogenerated by uv via the following command:
#    uv --no-config pip compile pyproject.toml requirements-ci.in --constraint requirements-ci.lock --extra test --extra hmm --extra research-volatility --python-version 3.13 --python-platform x86_64-unknown-linux-gnu --generate-hashes --no-annotate --default-index https://pypi.org/simple -o requirements-ci.lock
arch==8.0.0 \
    --hash=sha256:119766cdb3ac9ebdad4077dcf8238fb2a4554ba3c6503bd4431161f43923357e \
    --hash=sha256:13cbf04d45ecbee7578704a232f897cd02794d845f877158fb2838e6fb637887 \
    --hash=sha256:1d9cb343f15e71e9cee2415bffa1e3458aeb674a538118de71f1124b6c5b755a \
    --hash=sha256:1f4341b22279d82d0300ebd54d1d5f80324f31fc017c8138f47e810bdb81d753 \
    --hash=sha256:268dfe386f8c64a1973374bc0425bdf0c7c2250c2bfd7238d98bae701827ec2b \
    --hash=sha256:2aa5e631f91283733592b44e0c0640da5f690f5895738ad0d26a007325e3d0fc \
    --hash=sha256:4320a9b3707e819a97f0b0a10847e529e2f765158c617a455987a34305018617 \
    --hash=sha256:4849380bb831a1dc09891cd424f6623f163bde2403c66e376f9d0b5f8c1791c5 \
    --hash=sha256:51641954adb35f969b5c3333f6527fb090720fc0c973b6d2c4d927c8cc5dfe58 \
    --hash=sha256:563bea8e594f712a38ec2186f6dcd0d55a73f1c203bd228958cad495d9d471f1 \
    --hash=sha256:5e9895c2354b9475aff50797ff2191dc64dc5f79602baf0c9321310fb864b637 \
    --hash=sha256:6b75bc7f4af4da5aca6cbcc52284564fcce8c974cf7d89d8b9777d8c16a228b0 \
    --hash=sha256:8015f7bdcc14800dc2dc2acb01dffebddebf587df4aa27f62671e809ccfdefb1 \
    --hash=sha256:82113ee290afac972f73ad6f61b4b4ebd57bf9a288c2df163f9b2bc1874f89f3 \
    --hash=sha256:8b13d261e0a681b3a8a2f9c588ab37a35500bca9f3bbcc6ca1ce2d999322651d \
    --hash=sha256:8c1f1d8abefab2f69f7fdbef08cc18c8377667d3b8d197a1f301d97f0e686cd2 \
    --hash=sha256:8ebe43e390e2df5e07cb1a5abbbdf545a31d858d2e504e9fa379f011ba4715ab \
    --hash=sha256:94262bef94dda3f72182a8dfc21cab1a8a79750cf168f3cf2aec02d7217bee55 \
    --hash=sha256:975ec3bdf7926335742ac362251fafe32b448b8f194dead062f22a00beef772d \
    --hash=sha256:a5a2ee20c5a0d88eda12894d8fbb8320b7bfe3436c2e40fa16da918db54eb5b4 \
    --hash=sha256:a985abc5367d225a6b346782dee9e7d84381c2af5ab795a6234aa1491c96f0bb \
    --hash=sha256:aaefeb2b23276fe286fe554e7e69fea80daff4185ecdf9fc891ba1b2c1e49ad4 \
    --hash=sha256:aee1099e0d12538d8d1ff391ddb8061c42e4864d199ca6887487bedb58b1dc9c \
    --hash=sha256:b56c3994069532c6621d211a333c62ae6b3cfeb3eef8089806bd4698062137ca \
    --hash=sha256:b72818d66e3ba1f5fcf2a7af4d81a1da7c70e72edf9437144a013173e11b901d \
    --hash=sha256:bd73bd2d811bcf0551443b6e0a10bc25af002e9eb146aff164897c70aac35e85 \
    --hash=sha256:c9d0c8b26f49e3f8b7ae4ade15fac74555c95701a3e22463d991ce4ae7cea966 \
    --hash=sha256:e551820a0640736c9e9b8fa10ce50e7ae4f31e570ec229c308a3b46aaf8242a7 \
    --hash=sha256:ec799301d904318d067d8d919069efc2825e8cea1654b1ffe623ea8c591fff5e \
    --hash=sha256:fab6e25763e1ef516d8b6c932ef1d0aac3ec812d6b501fc57d8269333d02ce86 \
    --hash=sha256:fb60acaa9caa1353b75f19db910ac88e4238f4ca40282418e728174b1d3fe297
certifi==2026.7.22 \
    --hash=sha256:62f22742b58a1a33014a2b6b706588a8d7e2a88ae7bd1a6ebe8c992928483775 \
    --hash=sha256:741e2c3b351ddf169a738da9f2c048608ff7f2c5cc02f1ebc6b118bb090d5d55
charset-normalizer==3.4.9 \
    --hash=sha256:0327fcd59a935777d83410750c50600ee9571af2846f71ce40f25b13da1ef380 \
    --hash=sha256:03d07803992c6c7bbc976327f34b18b6160327fc81cb82c9d504720ac0be3b62 \
    --hash=sha256:04ce310cb89c15df659582aee80a0603788732a5e017d5bd5c81158106ce249c \
    --hash=sha256:0d861473f743244d349b50f850d10eb87aeb22bbdcc8e64f79273c94af5a8226 \
    --hash=sha256:0e94703ec9684807f20cfb5eed95c70f67f2a8f21ad620146d7b5a13677b93e5 \
    --hash=sha256:0fa1aec2d32bcc03c8fa0f6f1712caad1adc38509f31142112e5c9daf5b9c833 \
    --hash=sha256:16b65ea0f2465b6fb52aa22de5eca612aa964ddfec00a912e26f4656cbef890b \
    --hash=sha256:16d10d789dd9bcca1173c95af82c58433122564b7bc39385124be735a35cbe99 \
    --hash=sha256:19ac87f93086ce37b86e098888555c4b4bc48102279bae3350098c0ed664b501 \
    --hash=sha256:1d22856ffbe153a602df38e4a5464f0b748a54002e0d69ac6d2ad0a197cc99ec \
    --hash=sha256:21e764fd1e70b6a3e205a0e46f3051701f98a8cb3fad66eeb80e48bb502f8698 \
    --hash=sha256:231ddcbb35e2ff8973e1365db41fe0572662893b99a05deb183b68ad4c0c8bd4 \
    --hash=sha256:253a4a220747e8b5faf57ec320c4f5efb0cef05f647420bf267143ec15dba10a \
    --hash=sha256:280081916dc341820640489a66e4696049401ef1cf6dd672f672e70ad915aca3 \
    --hash=sha256:2a441ea71902098ffe78c5abe6c494f44160b4af614ed16c3d9a3b1d17fd8ee2 \
    --hash=sha256:304b13570067b2547562e308af560b3963857b1fa90bd6afd978130130fe2d6a \
    --hash=sha256:32286a2c8d167e897177b673176c1e3e00d4057caf5d2b64eef9a3666b03018e \
    --hash=sha256:33bdcc2a32c0a0e861f60841a512c8acc658c87c2ac59d89e3a46dacf7d866e4 \
    --hash=sha256:375b83ed0aecfce76c16d198fbc21f3b11b337d68662bea0a995046682a11419 \
    --hash=sha256:3c09a49d6cde137258beb3d551994a2927fd35ad5cf96aed573f61bbd67c5f84 \
    --hash=sha256:3d92613ec25e43b05f042302531ec0f00b8445190e43325880cbd6ab7c2581da \
    --hash=sha256:40a126142a56b2dfc0aacbad1de8310cbf60da7656db0e6b16eebd48e3e93519 \
    --hash=sha256:416c229f77e5ea25b3dfd4b582f8d73d7e43c22320302b9ab128a2d3a0b38efe \
    --hash=sha256:432786d3561e69aeeae6c7e8648964ce0ad05736120135601f87ac26b9c83381 \
    --hash=sha256:43b9e366a31fdd1c87d0eb08f579b4a82b723ea54338f040d6b4e518a026ea29 \
    --hash=sha256:440eede837960000d74978f0eba527be106b5b9aee0daf779d395276ed0b0614 \
    --hash=sha256:45b0cc4e3556cd875e09102988d1ab8356c998b596c9fced84547c8138b487a0 \
    --hash=sha256:476743fe6dfe14a2da12e3ac79125dc84a3b2cf8094369a47a1529b0cd8549fe \
    --hash=sha256:4773092f8019072343a7447203308b176e10199920eb02d6195e81bbb3274c29 \
    --hash=sha256:4b3dac63058cc36820b0dd072f89898604e2d39686fe05321729d00d8ac185a0 \
    --hash=sha256:4d1c96a7a18b9690a4d46df09e3e3382406ae3213727cd1019ebade1c4a81917 \
    --hash=sha256:51307f5c71007673a2bf8232ad973483d281e74cb99c8c5a990af1eefa6277d9 \
    --hash=sha256:51447e9aa2684679af07ca5021c3db526e0284347ebf4ffcec1154c3350cfe32 \
    --hash=sha256:58150c9f9b9a552505912d182ccdf26f6396fb6094816ceebcbb20eecabaed94 \
    --hash=sha256:5b10cd92fc5c498b35a8635df6d5a100207f88b63a4dc1de7ef9a548e1e2cd63 \
    --hash=sha256:5e226f6218febc71f6c1fc2fafb91c226f75bdc1d8fb12d66823716e891608fd \
    --hash=sha256:609b3ba8fcc0fb5ab7af00719d0fb6ad0cb518e48e7712d12fd68f1327951198 \
    --hash=sha256:60f44ade2cf573dad7a277e6f8ca9a51a21dda572b13bd7d8539bb3cd5dbedde \
    --hash=sha256:611057cc5d5c0afc743ba8be6bd828c17e0aaa8643f9d0a9b9bb7dea80eb8012 \
    --hash=sha256:6366a16e1a25018694d6a5d784d09b046edc9eac40ea2b54065c3052672516a1 \
    --hash=sha256:65a7ff3f705e57d392f7261b6d0550fe137c3019477431f1c355e0db0a7d3e15 \
    --hash=sha256:673611bbd43f0810bec0b0f028ddeaaa501190339cac411f347ac76917c3ae7b \
    --hash=sha256:67830fc78e67501f47bb950471b2dcb9b35b140084429318e862895a8e89c993 \
    --hash=sha256:68ce9f4d6b26d5ccbf7fd4459bf75f74a0a146677ebba80597df60cbdb20e6f4 \
    --hash=sha256:68e5f26a1ad57ded6d1cfb85331d1c1a195314756471d97758c48498bb4dcdf5 \
    --hash=sha256:69b157c5d3292bcd443faca052f3096f637f1e074b98212a933c074ae23dc3b8 \
    --hash=sha256:75286256590a6320cf106a0d28970d3560aad9ee09aa7b34fb40524792436d35 \
    --hash=sha256:78841cccf1af7b40f6f716338d50c0902dbe88d9f800b3c973b7a9a0a693a642 \
    --hash=sha256:78fa18e436a1a0e58dbd7e02fc4473f3f32cceb12df9dfca542d075961c307d2 \
    --hash=sha256:79580094b00d1789d1f93ea55bc43cb2f611910c72235b7657f3482ddcc1b22d \
    --hash=sha256:7b86a2b16095d250c6f58b3d9b2eee6f4147754344f3dab0922f7c9bf7d226c9 \
    --hash=sha256:83aed2c10721ddd90f68140685391b50811a880af20654c59af6b6c66c40513c \
    --hash=sha256:84fd18bcc17526fc2b3c1af7d2b9217d32c9c04448c16ec693b9b4f1985c3d33 \
    --hash=sha256:871ff67ea1aad4dfd91736464934d56b32dac49f9fbe16cddba36198a7b3a0db \
    --hash=sha256:898f0e9068ca27d37f8e83a5b962821df851532e6c4a7d615c1c033f9da6eedf \
    --hash=sha256:8a79d9f4d8001473a30c163556b3c3bfebec837495a412dde78b51672f6134f9 \
    --hash=sha256:8c041122946b7ba21bb32c45b1aa57b1be35527690aeb3c5c234521085632eee \
    --hash=sha256:90c44bc373b7687f6948b693cceaea1348ae0975d7474746559494468e3c1d84 \
    --hash=sha256:9104ed0bd76a429d46f9ec0dbc9b08ad1d2dcdf2b00a5a0daa1c145329b35b44 \
    --hash=sha256:920079c3f7456fa213e0829ed2073aaa727fd39d889ead5b4f35d0de5460d04f \
    --hash=sha256:93d59d504b230e83c7a843251681959a0b6a9cd76f6e146ce1b8a80eb8739af9 \
    --hash=sha256:9b2aff1c7b3884512b9512c3eaadd9bab39fb45042ffaaa1dd08ff2b9f8109d9 \
    --hash=sha256:9b8e0f3107e2200b76f6054de99016eac3ee6762713587b36baaa7e4bd2ae177 \
    --hash=sha256:9bb41182d93ea91f60b4bc8fbf4c820c69ef8a12ab2d917f3f1834f1acad07e8 \
    --hash=sha256:9cdef90ae47919cae358d8ab15797a800ed41da7aba5d72419fb510729e2ed4b \
    --hash=sha256:a1786910334ed46ab1dd73222f2cd1e05c2c3bb39f6dddb4f8b36fc382058a39 \
    --hash=sha256:a4cfde78a9f2880208d16a93b795726a3017d5977e08d1e162a7a31322479c41 \
    --hash=sha256:a4fbdde9dd4a9ce5fd52c2b3a347bb50cc89483ef783f1cb00d408c13f7a96c0 \
    --hash=sha256:aa99adc8f081b475a12843953db36831eaf83ec33eb46a90629ca6a5de45a616 \
    --hash=sha256:ac351b3b8014eead140e77e9717e2992c6bbe30b63bc3422422eb84865412e3d \
    --hash=sha256:ad41ba96094304aa090f5a30cb6e4fb3b3f1c264c523394b4c39bbacc4dc92ba \
    --hash=sha256:b5314963fce9b0b12743891de876e724997864ee22aa496f903f426c7e2fa5b2 \
    --hash=sha256:bcf74c1df76758a395bf0af608c04c82257523f55c9868b334f06270d0f2112b \
    --hash=sha256:bd47ba7fc3ca94896759ea0109775132d3e7ab921fbf54038e1bab2e46c313c9 \
    --hash=sha256:c0323c9daef75ef2e5083624b4585018a0c9d5e3b40f607eed81a311270b934b \
    --hash=sha256:c1225416b463483160e4af85d5fc3a9690ccb53fd4b1865a6437825f5ede3209 \
    --hash=sha256:c1c948747b03be832dceed96ca815cef7360de9aa19d37c730f8e3f6101aca48 \
    --hash=sha256:c25fe15c70c59eb7c5ce8c06a1f3fa1da0ecc5ea1e7a5922c40fd2fa9b0d5046 \
    --hash=sha256:cc1b0fff8ead343dae06305f954eb8468ba0ec1a97881f42489d198e4ce3c632 \
    --hash=sha256:cd6280cf040f233bd7d3407b743b4b4c74f70e8e1c4199cb112a62c941c0772a \
    --hash=sha256:cd6c3d4b783c556fa00bf540854e42f135e2f256abd29669fcd0da0f2dec79c2 \
    --hash=sha256:d4d6fcde76f94f5cb9e43e9e9a61f16dacefd228cbbf6f1a09bd9b219a92f1a1 \
    --hash=sha256:ddf4af30b417d9fe16481e9b81c27ab2a7cde1ff7ba3e85653b02db7d145dc7b \
    --hash=sha256:df115d4d83168fdf2cae48ef1ff6d1cb4c466364e30861b37121de0f3bf1b990 \
    --hash=sha256:df7276909358e5635ae203673ab7e509ddd224225a8d6b0790bf13eb2bde1cc5 \
    --hash=sha256:e4fd89cc178bced6ad29cb3e6dd4aa63fa5017c3524dbd0b25998fb64a87cc8b \
    --hash=sha256:e9701d0049d92c16703a42771b98d560b95248949f23f8cf7b4eddd201814fb9 \
    --hash=sha256:ee2f2a527e3c1a6e6411eb4209642e138b544a2d72fe5d0d76daf77b24063534 \
    --hash=sha256:f7fb7d750cfa0a070d2c24e831fd3481019a60dd317ea2b39acbcebc08b6ed81 \
    --hash=sha256:f840ed6d8ecba8255df8c42b87fadeda98ddfc6eeec05e2dc66e26d46dd6f58a \
    --hash=sha256:f86c6358749bd4fda175388691e3ba8c46e24c5347d0afd20f9b7edfc9faf07d \
    --hash=sha256:fa36ec09ef71d158186bc79e359ff5fdd6e7996fe8ab638f00d6b93139ba4fcf \
    --hash=sha256:fe2c7201c642b7c308f1675355ad7ff7b66acfe3541625efe5a3ad38f29d6115
et-xmlfile==2.0.0 \
    --hash=sha256:7a91720bc756843502c3b7504c77b8fe44217c85c537d85037f0f536151b2caa \
    --hash=sha256:dab3f4764309081ce75662649be815c4c9081e88f0837825f90fd28317d4da54
formulaic==1.2.2 \
    --hash=sha256:0f84ff49e3fc9dc0e68ab08a0a9427874021aa6c558e66b44dc634a35739b09b \
    --hash=sha256:c99e8f11ff7d327eaecaf63855ca69b7fa0da100ad6c0041ef80912fbac667e6
hmmlearn==0.3.3 \
    --hash=sha256:06abdc7f1905c1c10132e62d4e9d6bdf88bf17d267cae68b6ad834b0c2efef0b \
    --hash=sha256:0a174a1bf9db0971161c778b451ec8236a13c8fe9b0d1779e922179200f04de4 \
    --hash=sha256:1128973a42fcf631579ef1b305e57e342aaf8769839a9899bff614ccc9d82c21 \
    --hash=sha256:11de9f8bc0bea1a70cdfeca9466682c2131b00da53d0898f3b1d79aadffa85a9 \
    --hash=sha256:132846bdaf77731987e5b49aeb290f2ff38db9562fb1100731a20cfcae0edfc4 \
    --hash=sha256:1411f05a0241cea01791eb91eeecaad76c15a5f0b3de536d6e82a8424a2b0f86 \
    --hash=sha256:1d3c5dc4c5257e0c238dc1fe5387700b8cb987eab808edb3e0c73829f1cc44ec \
    --hash=sha256:1fcbf1438a5313b7da03ac380ff36d1578ebf515eb47bb269a1c1ecbf9bd59e2 \
    --hash=sha256:31390af12828999c11c6bb6417b91ee5d07f5ee7a91cb116d8ca763d1f4d9552 \
    --hash=sha256:41d8e2ae07ac5e9e48e693a4918e3a3717edd32328bd4b9d878c323c5358e625 \
    --hash=sha256:491f3bd9e3c01fa1201057e1de2c87039fed0e225ad562111ad4a0e25c40ef00 \
    --hash=sha256:498ad4758e069dac03ec15a9c1424cae2b6fa0422139f910d89c8757fed1363a \
    --hash=sha256:49ed0d2451d9884d0bdfbe84dd14b3a699382b00bed931d6a5ca46997978a1c4 \
    --hash=sha256:4a6da5aa01bb9beeef311706b03c16d411f93ef68220ad442f2eca8ef39da0a6 \
    --hash=sha256:517fdb17711181933b253f6d1970e2b2b6f2ec1bd7239de6f88d83c8e6a28fc8 \
    --hash=sha256:67af5823bc3b60b8cda7e9315f79b807aae9467fd7cb29aeafb789baa9b0f09e \
    --hash=sha256:6cd27dc66bfe7f6ff77804f7dbfe42b35d18e21403eb2bdfef0de6ad3bd2368f \
    --hash=sha256:71a222a04d2b7c97299e9233342e2a446e218a740f2bcfa03eae88265d18424a \
    --hash=sha256:86ad9fa4319588212c0bc7f7f9a050b01138f76b7f69d83f50d687fe4f9dcd28 \
    --hash=sha256:898e2fd51244db793659b4eac584871addaf6e57efe72121e753d57b3fb1128f \
    --hash=sha256:8f39d658a6366cb839157bdd8a075c62a43d3175e0f453145b5f2cdcdc05b4e3 \
    --hash=sha256:97b81ce4da69a70f16a16e3ab0060d89b44b51b7e8b18907a8a2bde8ea53f67d \
    --hash=sha256:a1e5398e43141f70232de799a08d4a4eab19ca7db86f56cea8509f68857146e9 \
    --hash=sha256:ad627014efb7ec8bb94746ff4b89ddb5c30444fae1a9f8c14a512f8e40449c46 \
    --hash=sha256:ad910c05fb42f4261b5cebd683adc44e270cfb53330d21a5ce2bd907df9703fe \
    --hash=sha256:ade68e4dfed1e60233afe0169de101f6b670eb83ec66f3c0691230dd7276c0bf \
    --hash=sha256:b1646234be8f8689c2af13529492322fe7681eb0de5ae2610d191035fe75ddf9 \
    --hash=sha256:b5747d9542e8621dd7aae35f191e2d18e99148a71e88ab6867b51ae5b2044d98 \
    --hash=sha256:e6a807f79b5ecaaf57e899d0b876f76ac029026c4d9b2b2ba8c277205905e0f3 \
    --hash=sha256:eebd93dca06b2ec6e7196a0b432118de3f4050bf7f75497d54d068d7e238c537 \
    --hash=sha256:fea742fb093e722b8a75f21fe8648be135cdf62a497ae8d58bb2d798eadffe96
idna==3.18 \
    --hash=sha256:7f952cbe720b688055e3f87de14f5c3e5fdaa8bc3928985c4077ca689de849a2 \
    --hash=sha256:ffb385a7e039654cef1ab9ef32c6fafe283c0c0467bba1d9029738ce4a14a848
iniconfig==2.3.0 \
    --hash=sha256:c76315c77db068650d49c5b56314774a7804df16fee4402c1f19d6d15d8c4730 \
    --hash=sha256:f631c04d2c48c52b84d0d0549c99ff3859c98df65b3101406327ecc7d53fbf12
interface-meta==2.0.1 \
    --hash=sha256:902bd9a95a12f195f15753a1080075d4eca7a2cb934fac7ac03c9e362b50796a \
    --hash=sha256:f38016bef9a4429b6d0792d809be7b65e9781820c674bf7f463999086b6e6323
joblib==1.5.3 \
    --hash=sha256:5fc3c5039fc5ca8c0276333a188bbd59d6b7ab37fe6632daa76bc7f9ec18e713 \
    --hash=sha256:8561a3269e6801106863fd0d6d84bb737be9e7631e33aaed3fb9ce5953688da3
narwhals==2.24.0 \
    --hash=sha256:42fdedf44e5b2ca7505630d45b4ac3058f38d8485cba9fe1652ca23152df7489 \
    --hash=sha256:b5c0f684ccd9d7475b564111e319a4964abcf2baf79d3cf6b1003d06ac9b828d
numpy==2.5.2 \
    --hash=sha256:0090ccdd57ec2703e9b49d0bf554767370581c1dd0a6b2bb2b2d9def317d042a \
    --hash=sha256:078f9b027b478c9379b9677babbf0f8b8f1ecfada27636d7b9a93990c638739f \
    --hash=sha256:07d4e89f3a9ab0a9ba24264ccdb642b3dd951b2281e8883a5481a4aa79cc31a7 \
    --hash=sha256:0a4035ae1129ff8777f08bfbd44f1e5d8e9c049ce0c2dd78fc0d92c13e7251c0 \
    --hash=sha256:0aadf13b60048d501e05fa699efaf7734e2494f3498a4c2a5521d822640324f3 \
    --hash=sha256:14e373cfc6387177e8409dac3c7159be8eb05cd77096cd7c950268b86f62831c \
    --hash=sha256:1ab3d4a901f844ea836c3e80bf463c6a27d7f3c14e8e292fcf28d348b25b9bce \
    --hash=sha256:24b9dc2e3d84aa58523798805194e23e736f3f6ce2d1a5b92583ae734e6dbda8 \
    --hash=sha256:27650bb0e7140fa3d37b9923b4803645e0b125d190f326eecfd3f4dad8e8ade1 \
    --hash=sha256:28ac63476ec7651484215ee7fa15a1f78b57c14621f01e392afe17b9a1390ce4 \
    --hash=sha256:29b86ff8a6cc556b47ec6b64b194815cc80e6bf5eedcc6cddfd65318cb0b4eee \
    --hash=sha256:29d81e97f668489cba8ebfd796b9bdd453525d35dd9e162e2daec94bf3fc7740 \
    --hash=sha256:2cc779226e476d1e1f08c74068c419e60f41a9e0e069c92f6671d31d5c985e98 \
    --hash=sha256:2ffa7bacab3e2ee1b19ed31766bb60bb380b68c23f051e199c5cc598afd68710 \
    --hash=sha256:318b9a4c845dbea06708a29c84ee429cc3065048db34cdb799047643492050ee \
    --hash=sha256:34c319e2963be042673fb46570501b2f06c41924e17e3563d58646b4380dfb68 \
    --hash=sha256:3a2f061cebd9e3d23bdcfaaded5e2293a4c6a5b60fa42df85d410a725ce621bf \
    --hash=sha256:3cdec01fa790a186d430433fdd4d4ffb70eed6f0eeb4bf05c8dbe2dce0a9bcb8 \
    --hash=sha256:3e4c367352d3747784248a227fbec218e193b56f7e6692e3b64fc805478ecfdf \
    --hash=sha256:40f4d451aed46a8046a1aae41c4e55fb3612273df9c502480135e1501576a34b \
    --hash=sha256:44ef9675d908e65f9953063837c3277730f3f4437615a4cdab67b366cabaf884 \
    --hash=sha256:4bbd96c833ecc8cc069ce518078fc8c60cb9cbfb0fea5b7a803ad65035596d03 \
    --hash=sha256:4ec954036759bcee3aa484f8603bd9c14f3e776293b85578b8734c2d72777c69 \
    --hash=sha256:4f9744f9fbdcea0bc552e8f19e1f141f811a3f9bc2be2cc6e86d982cab23e3f4 \
    --hash=sha256:50a68f4bacd8a2b33d8da3d2269d0d78500f86ea582e4786dc10f5ef2c2c6842 \
    --hash=sha256:50e500dc868e9313530ce12ba470fe50ff3afe3d62993ed6eff652dacd555b65 \
    --hash=sha256:52c808f96484f5571a5cc863775ce50247c17dfb3b0361f8ed6b4b0456f80080 \
    --hash=sha256:5f8e00be2ec6f45f4e8a41a527f68d44a7d96fee92a650e4d8b1326f77f61e6e \
    --hash=sha256:60e902ac295855348a5ca2ea4c89108989a9f5fddfad3dfc0a8f36b10358567e \
    --hash=sha256:65f188481f1669e26f62b701e8205d19e460fa4a9b52a1414ba382330e4a3414 \
    --hash=sha256:6950c4b7dd562453090548ba7f5da7e59f57f85663f15d5dcc60e249192f7e59 \
    --hash=sha256:6a9bb119fb8dd21ba30b3f0e555b7e2b081bd9883af21ec9c1c633d161cda3a8 \
    --hash=sha256:6b588cc8f902d6bff201c19fd00c43ab8545671e3554d014e12e14139e5e8617 \
    --hash=sha256:6df895598c0edcb41030126c89e0f353b07d93238116143b7405e937359736c4 \
    --hash=sha256:6e8172ddfcf5cf74b811d372b570b83c60bd2de87a6fbfbebdadb4a9bd9c6cbb \
    --hash=sha256:7354826bc6f8f69402e9b7fe28d15fcd34feebd74f856f111585c5b0c9fb0251 \
    --hash=sha256:7587f53dfbd5edc0f7b87c6217b4c6d2d1f2ef9c3da70bc1315e7db5f8d7ec9d \
    --hash=sha256:77843ca236b777e67f8d6b3660ea116e499612703a0ecd7093f316201eb9d8e2 \
    --hash=sha256:7999d4ddb0c4025018373fd787510d46e04c769467af22869707b3c1cfd459ab \
    --hash=sha256:85aaccb24182c25df891ad0ec333585967e115269d5f1b17f2c9ae005bc96657 \
    --hash=sha256:8e4cb9a754c8a0c62eaa88273a5fba3391f4a610d1dee893c0755da31c083f15 \
    --hash=sha256:8ee9c4eeb8454b3660a8b53493563c3e121c2fc94fbd72b848ef814ed7b676a9 \
    --hash=sha256:9a0731745a72a184490a582fb4af2533512bd071ace67785b5fdffc0ae58dce8 \
    --hash=sha256:9e9413326d726c2545bfa65d2c0876871e8d8386e77f992c1d426e180bbd4323 \
    --hash=sha256:a610dc7e3c52edd39c2bc2375ff9c3fd59cb3ad00e4472d36f83bc1457145788 \
    --hash=sha256:a839318485284a6fb31be4f8f2c91c8f2cb22f4543c4a8903f12b0671ffe07cc \
    --hash=sha256:afb3f0632d6b2e3ba04dbce8d1e48d321b369138b73830b5ca371a0e8d479d56 \
    --hash=sha256:b879fb674276e331513fb136b78dbc6bd3c848309e0d841cfd63be3896c4cfc1 \
    --hash=sha256:b9727f472d2f3888053b8a75ab0cb94745a9de224bb5846dbadc0092101bc71d \
    --hash=sha256:ba0a474801b8dc67b66bf465548abc90e82b44d2611b5770f33008dcabffe8ec \
    --hash=sha256:bd68ece1553d2023c09a4226d9e41c586ad2d20594d1a456186c33513d2cb3f2 \
    --hash=sha256:c081cbe16ba1ab53078e5ff29013621e33c509eedab055775d956427712c236e \
    --hash=sha256:c1f017dc0875c9209d219f97feceb7d54c2661bb243deb4114478e1295808af7 \
    --hash=sha256:cebc2d6dbb605a7703d59751dea4bd6b0ab127a5a4338a6f432df1936fef8b26 \
    --hash=sha256:cf7de32f486e4ac9e2d93b810f9e9ac72a728dd46a32a0bb403222f27f653514 \
    --hash=sha256:d482d171c406ae88c5b19cad3b6a1c4c5209f886ab74bc44c2c865c23f52d860 \
    --hash=sha256:d6a48072864e3324e194a8fbb3c657bcc5b5c869dbc64c9537b1d5c862572c0a \
    --hash=sha256:d787cf769c3baeb5f6235e778edb52c08dfa923789b5958f28e6450f96107cb1 \
    --hash=sha256:dc649493697006bc90614a5f0bbc8cb3cb1866715c474e473694968d7e6b99ab \
    --hash=sha256:ddf47472af2e4280d79bac82304f5e80150211f1b9e614b760061d5fdfbb6eba \
    --hash=sha256:e5651f3f87add730ee6608d915009e19c911fba0cb000c7e3ea994b7d768eb12 \
    --hash=sha256:e79aba74ffaf5f78a050d777c184cddf8fdffabab38acf5f3ef1fecbc17895d6 \
    --hash=sha256:eaa088384c46f519dacb93b7ec483a6d6b19a4a2085ae4f25ab9b1c43d387d1e \
    --hash=sha256:eaca7ff36f0f52e2111ec71f169d8fd3e889e7ddc0d2592e0d703fd8d3ce8fac \
    --hash=sha256:f06571a052127dc1b4e8b83029b4d1b20daa2b64a31cdd181fc6bc774e9000eb \
    --hash=sha256:fd0d703772bba096843785bd38371e31bb4a0c1151497ad5739d182114a73f7f
nvidia-nccl-cu13==2.31.2 \
    --hash=sha256:0bcaf0308854cb55fcc35af72e2c83143f3b71e65a4e865e2c586b1cdcdb5ae0 \
    --hash=sha256:b5563f8e2534f363d93ace022670ba016d3717e190ac4eba564d05fbbe8495b1
openpyxl==3.1.5 \
    --hash=sha256:5282c12b107bffeef825f4617dc029afaf41d0ea60823bbb665ef3079dc79de2 \
    --hash=sha256:cf0e3cf56142039133628b5acffe8ef0c12bc902d2aadd3e0fe5878dc08d1050
packaging==26.3 \
    --hash=sha256:94edc256424af38762eb31306eed28beb9f0efc50a8837492c9d6fd6004aed79 \
    --hash=sha256:d7193f7c8e4e93f444fde0262bf90af30e16fa0ad0ad44cb553c87339b23cd1c
pandas==2.3.3 \
    --hash=sha256:0242fe9a49aa8b4d78a4fa03acb397a58833ef6199e9aa40a95f027bb3a1b6e7 \
    --hash=sha256:1611aedd912e1ff81ff41c745822980c49ce4a7907537be8692c8dbc31924593 \
    --hash=sha256:1b07204a219b3b7350abaae088f451860223a52cfb8a6c53358e7948735158e5 \
    --hash=sha256:1d37b5848ba49824e5c30bedb9c830ab9b7751fd049bc7914533e01c65f79791 \
    --hash=sha256:23ebd657a4d38268c7dfbdf089fbc31ea709d82e4923c5ffd4fbd5747133ce73 \
    --hash=sha256:2462b1a365b6109d275250baaae7b760fd25c726aaca0054649286bcfbb3e8ec \
    --hash=sha256:28083c648d9a99a5dd035ec125d42439c6c1c525098c58af0fc38dd1a7a1b3d4 \
    --hash=sha256:2e3ebdb170b5ef78f19bfb71b0dc5dc58775032361fa188e814959b74d726dd5 \
    --hash=sha256:318d77e0e42a628c04dc56bcef4b40de67918f7041c2b061af1da41dcff670ac \
    --hash=sha256:371a4ab48e950033bcf52b6527eccb564f52dc826c02afd9a1bc0ab731bba084 \
    --hash=sha256:376c6446ae31770764215a6c937f72d917f214b43560603cd60da6408f183b6c \
    --hash=sha256:3869faf4bd07b3b66a9f462417d0ca3a9df29a9f6abd5d0d0dbab15dac7abe87 \
    --hash=sha256:3fd2f887589c7aa868e02632612ba39acb0b8948faf5cc58f0850e165bd46f35 \
    --hash=sha256:4793891684806ae50d1288c9bae9330293ab4e083ccd1c5e383c34549c6e4250 \
    --hash=sha256:4e0a175408804d566144e170d0476b15d78458795bb18f1304fb94160cabf40c \
    --hash=sha256:503cf027cf9940d2ceaa1a93cfb5f8c8c7e6e90720a2850378f0b3f3b1e06826 \
    --hash=sha256:5554c929ccc317d41a5e3d1234f3be588248e61f08a74dd17c9eabb535777dc9 \
    --hash=sha256:56851a737e3470de7fa88e6131f41281ed440d29a9268dcbf0002da5ac366713 \
    --hash=sha256:5caf26f64126b6c7aec964f74266f435afef1c1b13da3b0636c7518a1fa3e2b1 \
    --hash=sha256:602b8615ebcc4a0c1751e71840428ddebeb142ec02c786e8ad6b1ce3c8dec523 \
    --hash=sha256:6253c72c6a1d990a410bc7de641d34053364ef8bcd3126f7e7450125887dffe3 \
    --hash=sha256:6435cb949cb34ec11cc9860246ccb2fdc9ecd742c12d3304989017d53f039a78 \
    --hash=sha256:6d21f6d74eb1725c2efaa71a2bfc661a0689579b58e9c0ca58a739ff0b002b53 \
    --hash=sha256:6d2cefc361461662ac48810cb14365a365ce864afe85ef1f447ff5a1e99ea81c \
    --hash=sha256:74ecdf1d301e812db96a465a525952f4dde225fdb6d8e5a521d47e1f42041e21 \
    --hash=sha256:75ea25f9529fdec2d2e93a42c523962261e567d250b0013b16210e1d40d7c2e5 \
    --hash=sha256:854d00d556406bffe66a4c0802f334c9ad5a96b4f1f868adf036a21b11ef13ff \
    --hash=sha256:8fe25fc7b623b0ef6b5009149627e34d2a4657e880948ec3c840e9402e5c1b45 \
    --hash=sha256:900f47d8f20860de523a1ac881c4c36d65efcb2eb850e6948140fa781736e110 \
    --hash=sha256:93c2d9ab0fc11822b5eece72ec9587e172f63cff87c00b062f6e37448ced4493 \
    --hash=sha256:a16dcec078a01eeef8ee61bf64074b4e524a2a3f4b3be9326420cabe59c4778b \
    --hash=sha256:a21d830e78df0a515db2b3d2f5570610f5e6bd2e27749770e8bb7b524b89b450 \
    --hash=sha256:a45c765238e2ed7d7c608fc5bc4a6f88b642f2f01e70c0c23d2224dd21829d86 \
    --hash=sha256:a637c5cdfa04b6d6e2ecedcb81fc52ffb0fd78ce2ebccc9ea964df9f658de8c8 \
    --hash=sha256:a68e15f780eddf2b07d242e17a04aa187a7ee12b40b930bfdd78070556550e98 \
    --hash=sha256:b3d11d2fda7eb164ef27ffc14b4fcab16a80e1ce67e9f57e19ec0afaf715ba89 \
    --hash=sha256:b468d3dad6ff947df92dcb32ede5b7bd41a9b3cceef0a30ed925f6d01fb8fa66 \
    --hash=sha256:b98560e98cb334799c0b07ca7967ac361a47326e9b4e5a7dfb5ab2b1c9d35a1b \
    --hash=sha256:bdcd9d1167f4885211e401b3036c0c8d9e274eee67ea8d0758a256d60704cfe8 \
    --hash=sha256:bf1f8a81d04ca90e32a0aceb819d34dbd378a98bf923b6398b9a3ec0bf44de29 \
    --hash=sha256:c46467899aaa4da076d5abc11084634e2d197e9460643dd455ac3db5856b24d6 \
    --hash=sha256:c4fc4c21971a1a9f4bdb4c73978c7f7256caa3e62b323f70d6cb80db583350bc \
    --hash=sha256:c503ba5216814e295f40711470446bc3fd00f0faea8a086cbc688808e26f92a2 \
    --hash=sha256:d051c0e065b94b7a3cea50eb1ec32e912cd96dba41647eb24104b6c6c14c5788 \
    --hash=sha256:d3e28b3e83862ccf4d85ff19cf8c20b2ae7e503881711ff2d534dc8f761131aa \
    --hash=sha256:db4301b2d1f926ae677a751eb2bd0e8c5f5319c9cb3f88b0becbbb0b07b34151 \
    --hash=sha256:dd7478f1463441ae4ca7308a70e90b33470fa593429f9d4c578dd00d1fa78838 \
    --hash=sha256:e05e1af93b977f7eafa636d043f9f94c7ee3ac81af99c13508215942e64c993b \
    --hash=sha256:e19d192383eab2f4ceb30b412b22ea30690c9e618f78870357ae1d682912015a \
    --hash=sha256:e32e7cc9af0f1cc15548288a51a3b681cc2a219faa838e995f7dc53dbab1062d \
    --hash=sha256:ecaf1e12bdc03c86ad4a7ea848d66c685cb6851d807a26aa245ca3d2017a1908 \
    --hash=sha256:ee15f284898e7b246df8087fc82b87b01686f98ee67d85a17b7ab44143a3a9a0 \
    --hash=sha256:ee67acbbf05014ea6c763beb097e03cd629961c8a632075eeb34247120abcb4b \
    --hash=sha256:f086f6fe114e19d92014a1966f43a3e62285109afe874f067f5abbdcbb10e59c \
    --hash=sha256:f8bfc0e12dc78f777f323f55c58649591b2cd0c43534e8355c51d3fede5f4dee
patsy==1.0.3 \
    --hash=sha256:79ebf4c93ff4d296e58a9d5be2b2ee31bd49d737cf11d70ffbd8a44b2de42e65 \
    --hash=sha256:d3dbebe8fd5f46e29912d030b63c6268647b59bf788a99e2af28a30234cf357c
pip==26.1 \
    --hash=sha256:4e8486d821d814b77319acb7b9e8bf5a4ee7590a643e7cb21029f209be8573c1 \
    --hash=sha256:81e13ebcca3ffa8cc85e4deff5c27e1ee26dea0aa7fc2f294a073ac208806ff3
pluggy==1.6.0 \
    --hash=sha256:7dcc130b76258d33b90f61b658791dede3486c3e6bfb003ee5c9bfb396dd22f3 \
    --hash=sha256:e920276dd6813095e9377c0bc5566d94c932c33b27a3e3945d8389c374dd4746
pygments==2.20.0 \
    --hash=sha256:6757cd03768053ff99f3039c1a36d6c0aa0b263438fcab17520b30a303a82b5f \
    --hash=sha256:81a9e26dd42fd28a23a2d169d86d7ac03b46e2f8b59ed4698fb4785f946d0176
pytest==8.4.2 \
    --hash=sha256:86c0d0b93306b961d58d62a4db4879f27fe25513d4b969df351abdddb3c30e01 \
    --hash=sha256:872f880de3fc3a5bdc88a11b39c9710c3497a547cfa9320bc3c5e62fbf272e79
python-dateutil==2.9.0.post0 \
    --hash=sha256:37dd54208da7e1cd875388217d5e00ebd4179249f90fb72437e91a35459a0ad3 \
    --hash=sha256:a8b2bc7bffae282281c8140a97d3aa9c14da0b136dfe83f850eea9a5f7470427
pytz==2026.3.post1 \
    --hash=sha256:2211d3fcf9a797d3405cac96ac7f61d80e6a644f72a3309607282fe8a2010c5d \
    --hash=sha256:dd95840dd199baea12d9cc096a1d452caa6596a1c1e4b5f3dbd1541855d5e815
requests==2.34.2 \
    --hash=sha256:2a0d60c172f83ac6ab31e4554906c0f3b3588d37b5cb939b1c061f4907e278e0 \
    --hash=sha256:f288924cae4e29463698d6d60bc6a4da69c89185ad1e0bcc4104f584e960b9ed
scikit-learn==1.9.0 \
    --hash=sha256:051075bda8b7aab87b1906ab3d4740a1e1224a19d7b3781a576736edc94e76aa \
    --hash=sha256:056c92bb67ad4c28463c2f2653d9701449201e7e7a9e94e321be0f71c4fef2b8 \
    --hash=sha256:147e9329ef0e39f75d4cffa02b2aa48d827832684926cd5210d9a2cb5c57246b \
    --hash=sha256:1b944b6db288f6b926e3650026ddafb988929de95d11fc2cc5fa117773c9ba42 \
    --hash=sha256:1fea2cc5677ab49d6f5bade978c866da44957b712d92e9635e8b4f723013c3cb \
    --hash=sha256:24360002ae845e7866522b0a5bbf690802e7bc388cac8663502e78aa98598aa2 \
    --hash=sha256:26e22435f63bcdcf396b574273f29f13dd531f5ea035801f5be10ba1540a4e60 \
    --hash=sha256:2bd41b0d201bc81575531b96b713d3eb5e5f50fb0b82101ff0f92294fdc236ac \
    --hash=sha256:366652351f092b219c248f1e72821e841960a63d8f358f1dcfd54dc1cbdbbc28 \
    --hash=sha256:38c3dcb9a1ffb85505ec53d54c7b4aea0cff70050425a7760c2af661ac85df05 \
    --hash=sha256:4306775fad04cc4b472a1b15af1ae9cede1540fbfcc17fbce3767cd8dc7ae283 \
    --hash=sha256:4ccacf04ca5f4b492158a5f28afe0ace43f81b2571e4b9a66d34848b46128949 \
    --hash=sha256:5162ad10a418c8a282dde04c9aa06965de3e9a65f33c1440c0ae69bb1a09d913 \
    --hash=sha256:5808d98f15c6bf6d9d96d2348c1997392a5888ce7097e664105f930c4bca1277 \
    --hash=sha256:5b934c45c252844a91d69fda3a34cff5e7307e1db10d77cb10a3980312c74713 \
    --hash=sha256:5bad8f8b9950321b54c965fdcbac6c6c55e79e16646b49977bcf3668d3870a1a \
    --hash=sha256:5be45aa4a42a68a533913a6ed736cf309de2226411c79ef8d609a5456f1939b1 \
    --hash=sha256:5dc1818c77575d149e25fce9ef82dd7b7263ae372f03494158668ad632a69759 \
    --hash=sha256:5e50ed4da51974e86e940690e9a3d82e729b62b5a49f7c9bac534d515d39d86f \
    --hash=sha256:64fa347efc1c839c487433e40c5144d38c336e8a2b59c81aa8660373945c2673 \
    --hash=sha256:78fc56eafd4edb9575d2d8950d1dd152061abb573341a1cb7e099fc40f6c6666 \
    --hash=sha256:80746d63bd4b6eaca54d36fe5feaf4d28bb38dc6f9470f81c7cad7c40155f119 \
    --hash=sha256:8833266989d3a5110178a9fae30783675460724d0e1efb13b14901d2c660c557 \
    --hash=sha256:9656acd4e93f74e0b66c8a36c88830a99252dfa900044d36bc2212ae89a47162 \
    --hash=sha256:9db6f4d34e68c8899e4cab27fdf8eafe6ed21f2ba52ceb25ea250cd237f8e47b \
    --hash=sha256:d77f54c017633791bc0225a43e2f8d03745fdcfe4880268fcc4df15f505dec2e \
    --hash=sha256:da76d09304a4706db7cc1e3ebaa3b6b98a67365cc11d2996c4f1e58ba47df714 \
    --hash=sha256:ee1a8db2c18c08e34c7412d4b10be1cac214cd4ea7dc9715a6a327eb49a37c96 \
    --hash=sha256:f401448645a3e7bc115aa3c094097865155b34bff1cba8101857d9104e99074c \
    --hash=sha256:f7e254636164090da847715a27f8e5478feb98c40a9e0ee90cbd277de9e5ceb8 \
    --hash=sha256:fd3a8ef0c758555a3b23c03adaa858af32f7736785ded50ad5991f59c4ed03fa
scipy==1.18.0 \
    --hash=sha256:09143f676d157d9f546d663504ef9c1becb819824f1afc018814176411942446 \
    --hash=sha256:0d13bca67c096d89fb95ced0d8921807300fce0275643aef9533cc63a0773468 \
    --hash=sha256:18e9575f1569b2c54174e6159d32942e03731177f63dce7975f0a0c88d102f5b \
    --hash=sha256:1a4441f15d620578772a49e5ab48c0ee1f7a0220e387110283062729136b2553 \
    --hash=sha256:1ad44305cfa24b1ba5803cbbebf033590ccbac1aa5d612d727b785325ab408b0 \
    --hash=sha256:1afac4a847207c7ff8efd321734a50b06d0280b3b2a2c0fc2f413101747ad7c7 \
    --hash=sha256:1f55797419e16e7f30cf88ffb3113ce0467f00cfe3f70d5c281730b21769bfc2 \
    --hash=sha256:265915e79107de9f946b855e50d7470d5893ec3f54b342e1aa6201cbdcd8bb6b \
    --hash=sha256:2d8bbdc6c817f5b4006a54d799d4f5bab6f910193cbb9a1ff310833d4d270f61 \
    --hash=sha256:2ef3abc54a4ffc53765374b0d5728532dfdd2585ed23f6b11c206a1f0b1b9af8 \
    --hash=sha256:368e0a705903c466aa5f08eefb39e6b1b6b2d659e7352a31fd9e2438365be0f8 \
    --hash=sha256:3f1ac564d3bf6c03d861d2cd87a1bea0da2887136f7fb1bf519c05a8971452d6 \
    --hash=sha256:40395a5fcd1abee49a5c7aaa98c29db393eedc835138560a588c47ec16156690 \
    --hash=sha256:4a55985d54c769c872e64b7f4c8a81cc30ef700cc04296abbbf3705439c126de \
    --hash=sha256:4c256ee70c0d1a8a2ace807e199ccd4e3f57037433842abb3fb36bc17eaa9578 \
    --hash=sha256:52a96e21517c7292375c0e27dd796a811f03fcea5fd4d108fdfea8145dcf17ab \
    --hash=sha256:56abf29a7c067dde59be8b9a22d606a4ea1b2f2a4b756d9d903c62818f5dacce \
    --hash=sha256:5aba46108853ddfc77906b6557aac839d2b52e900c1d72a1180adaaab58d265f \
    --hash=sha256:5efe260f69417b97ddae455bfb5a95e8359f7f66ad7fa9522a60feb66f169520 \
    --hash=sha256:67b2ad2ad54c72ca6d04975a9b2df8c3638c34ddd5b28738e94fc2b57929d378 \
    --hash=sha256:68363b7eaacd8b5dd426df56d782cc156468ac79a127a1b87ca597d6e2e82197 \
    --hash=sha256:6aa94e78ec192a30063a5e72e561c28af769dc311190b24fe91774eff1969709 \
    --hash=sha256:71ccc8faa2dd16ac310233203474a8b5cb67f10dedd54a3116d34943f4b19132 \
    --hash=sha256:7a7f3b01647384dbc3a711e8c6778e0aabbe93959249fef5c7393396bcac0867 \
    --hash=sha256:7bd21faaf5a1a3b2eff922d02db5f191b99a6518db9078a8fb23169f6d22259a \
    --hash=sha256:7c7a51b33ce387193c97f228320cf8e87361daa1bba750638677729598b3e677 \
    --hash=sha256:84031d7b052a54fae2f8632e0ec802073d385476eb9a63079bce6e23ef9283d4 \
    --hash=sha256:8ca01e8ae69f1b18e9a58d91afead31be3cef0dd905a10249dac559ee15460a0 \
    --hash=sha256:945c1761b93f38d7f99ae81ae80c63e621471608c7eeead563f6df025585cd58 \
    --hash=sha256:97b6cddaaee0a779ef6b5ca83c9604b27cc16b2b8fc22c142652df8793319fb8 \
    --hash=sha256:9aac6192fac56bf2ca534389d24623f07b39ff83317d58287285e7fbd622ff76 \
    --hash=sha256:9ab7b758be6940954a713ee466e2043e9f6e2ed965c1fce5c91039f4be3d90a9 \
    --hash=sha256:a46f9273dbd0eb1cefba61c9b8648b4dfe3cbc14a080176f9a73e44b8336dc7f \
    --hash=sha256:ad033410e2e0672ffdc1042110cef20e1c46f8fd0616cee1d44d8d58fad8fc11 \
    --hash=sha256:b6f758e35f12757b5d95c00bc6de2438e229c2664b7a92e96f205959d9f2dfa4 \
    --hash=sha256:c5557d8be5da8e41353fcd4d21491fdbab83b062fc579e94dc09a7c8ab4f669b \
    --hash=sha256:c5dbddf60e58c2312316d097271a8e73d40eaf2eabfa4d95ed7d3695bbf2ce7b \
    --hash=sha256:d88363fd9d8fbd3511bd273f1a49efb2a540773ddf92a91d57498ce7dd7f3e76 \
    --hash=sha256:e40baea28ae7f5475c779741e2d90b1247c78531207b49c7030e698ff81cee3f \
    --hash=sha256:f2a6af57bd9e4a75d70e4117e78a1bbee84f79ae3fbb6d0111005d6ebcc4cb8d \
    --hash=sha256:f351e0dd702687d12a402b867a1b4146a256923e1c38317cbc472f6372b94707
setuptools==80.9.0 \
    --hash=sha256:062d34222ad13e0cc312a4c02d73f059e86a4acbfbdea8f8f76b28c99f306922 \
    --hash=sha256:f36b47402ecde768dbfafc46e8e4207b4360c654f1f3bb84475f0a28628fb19c
six==1.17.0 \
    --hash=sha256:4721f391ed90541fddacab5acf947aa0d3dc7d27b2e1e8eda2be8970586c3274 \
    --hash=sha256:ff70335d468e7eb6ec65b95b99d3a2836546063f63acc5171de367e834932a81
statsmodels==0.15.0 \
    --hash=sha256:04e65ee05475aeceb9cb954cf96c0f9361b9cdfd497b8aae47afbab0c7c786dd \
    --hash=sha256:081adf7e5f2da63f63cbd90491447de5d4c4c2921f19814f235bcf3e736edd3c \
    --hash=sha256:09fe34ac80e147cd76cb702ba672559ee3c5dd3ba15c25a232922b46e5ffe70e \
    --hash=sha256:0a42d58efadd47352f805fcf7eeb000f3399fe9cda260055a81105a922443bdd \
    --hash=sha256:0ca5d27711f171ee478d547d5a8c5424d1820a1b73c2a3d6bf63f71ad4525f71 \
    --hash=sha256:0cb6228713fe47046b606daee63ed4473a7c246fa97cf0a6d6f20d3b0c96c051 \
    --hash=sha256:0e108365c5062ba1cf568a183cfc8da551ab8b2e84dbb00e1e87a6a714dd4cb3 \
    --hash=sha256:0ffe08752f420f12a0b03e8f7d8f3a45417615309b1f37f10561f9a53f044737 \
    --hash=sha256:103a83723f998897fbb5d5d0ff728cbe3755a90d9b1f22406bf58f305faff2e7 \
    --hash=sha256:1f1443cc1ff7683f3d7a9054e6dccd92040fbd4324616a0b6dbb8af1ce7889fb \
    --hash=sha256:24b9917a09bbe0227047e512a40652c4b9117c2cfbf19c4a5b9971a8944a8606 \
    --hash=sha256:27e9467fae83ff327c9d16ae5ea7e771bcdd66a682f49aa324eeefea5584f2d5 \
    --hash=sha256:333d0c70f269ff98b647f157d2ae7fbcf0617e6f9a5b1817fc6609766502292c \
    --hash=sha256:38038823fbe86f11e09433b4a0f4af5f102327c3137a1604b002ce3cf722a31f \
    --hash=sha256:3e5f870037ca154a4d177aeac68704a784b24cf2c45d86b046fc28e37a2a5584 \
    --hash=sha256:40b2737456e75d96866943e33017a1dffc9166025ee33b7eb373fbe8c7a85e09 \
    --hash=sha256:4f90dc4989bd82837c80059fdce132976d4e5a80100119d16e1b00537eb55867 \
    --hash=sha256:511a4f9cadbf91a690bfa863bb3e25dce583d8140046886fdf35fbfabfbce401 \
    --hash=sha256:5538a734dd28efd450bb38a5d5fc94d13ee709bc497e3e4c0a24b3803e3eac39 \
    --hash=sha256:583eb2a46f7c7a5c34a26715c8b6d92199bfb4f04623db5fff9902a3c7c832d3 \
    --hash=sha256:5891ad077b36d6401e44967739df3d2cdd380a0e6e9e46dadec7e3d3a828af55 \
    --hash=sha256:5a7ab98634d47048c6b7c168b3f8f71369e256d7314bc386168526f34c7699d7 \
    --hash=sha256:5d257fe58d0772bc46a557880ca78e2a8e07fec7bfd9d11074aef8e33e1aecbc \
    --hash=sha256:5e1214312d6362cebe0b5c53b4f478d9072559709000369dfc528211cb993e8a \
    --hash=sha256:6197b4cca69fd7bc23ab9430abf1c479764cfe74767467f51964a633dfade7a5 \
    --hash=sha256:65e64afc2655a486ea44a5ffe4e2b05ee3abbcb10ea61d1c02d3e9e519338d9b \
    --hash=sha256:733887a09ff878a2e29504eda684488b26bd134ba3539ac58d2136a58914c65a \
    --hash=sha256:74c0b63448f03020cc27a8ee698fbcf2ba91e61a9f9eee7978c0c4ed33a9b17f \
    --hash=sha256:7b5561f454d6b629bb45cb505df6fdb498f960d0de111bd81f215fa47b15a72d \
    --hash=sha256:7ef37437f740620a8da03437a29b1fc21bd9a70eeb231cd0d223cc4d766adb78 \
    --hash=sha256:80b946d7c922f46f045f25e50daf13439f79c05e403ba50081cad509892c8b26 \
    --hash=sha256:88dbe345ecf317862481b3c86305f42133082e5b366a3a8cf240a6caac404daf \
    --hash=sha256:8e8deb1e3d4ab89fec2a52815f1ec924920c4e0cdb307421a4e47cfed87c03ff \
    --hash=sha256:90df413d7e09474f7e7cbf8807440c1bf76298cdd9daabf9141f76d7627c9151 \
    --hash=sha256:90e75e726be2c9fc1d1d4c43337503a35864bdf5b4693773a08c6ee92d04a153 \
    --hash=sha256:972c33d9fe6bf907b853ba0eccb2f7cf3da90fdddbee002b8478bcaccf637e2a \
    --hash=sha256:a45026596c71afa18543ec2af40b895609c181fc3649433c1cded5ce23ec5cd4 \
    --hash=sha256:ac9bce461d0c8f529f8ed331a469eaa5dd7c3213c06b62623a2e5438a6383093 \
    --hash=sha256:af80f9658c48792947fc754a026ffbebca61a8b483253781973f604a67cf1f8c \
    --hash=sha256:b67886b66d9c7ca118526accedb5c6de7ffd74c015dc0492ea0b1690192b65da \
    --hash=sha256:ba89eb3ccb1c9c1e400d5081157305495b09350b3a65f2d66d3424ad1d3c4209 \
    --hash=sha256:bcaa1e4499697c4e023e5fa6fb04459a34e4f4a449c45ae441992e933bde24db \
    --hash=sha256:c3c1138b4d0e5b0c2387b17dafd2a0fd137c67bd869f70d4ee56feecc918cb0d \
    --hash=sha256:c6e20788141df134b83ffb43b8cccf135a876188f84124835c86f011f138adee \
    --hash=sha256:c6f2bd48915cc9b3b95c3c7f6ac363b6f8aaa38172962ba5f7f6885f0dfe57f2 \
    --hash=sha256:cc37bb71f4b1e8c9b07e9ce0d32e01fbabe231d323484d35b58e93683a5123e1 \
    --hash=sha256:cf897abce5616e2763ab7d7a7fa914677df87a649971f877b83a358c98f6e291 \
    --hash=sha256:d37d574412a47a71561c0b28c5f876137a86f26fa91e889a879950e22b4e9b4f \
    --hash=sha256:d48ba61db0d13d3033330e6bd1f864dfa9b48c0b952b3b0f7570206b35d552e5 \
    --hash=sha256:dd184e911a1a8c52e5c1c27b43ccd10c24faec08053271ca1a35276cae0a3ada \
    --hash=sha256:dde0657d18e322eedb2540a84c0582e97afd0f78c370b45eebb0d4ac228a7a83 \
    --hash=sha256:eb7fc1147cd8d17132190db7a8e63cd76a06145dec502816d8f3c20619923f2b \
    --hash=sha256:ecf84918dcd410ab34d3d85d34e0b16ebb10319c9fc77dbf9a1f1a49324c59f8 \
    --hash=sha256:edd803f4606061af8c7a83e2326ea294cbfa802a908dfbda4a88347301fb6820 \
    --hash=sha256:edee066ac9b171d95c3de925225331a21de1deb5b6452f252bc853e44566e72b
threadpoolctl==3.6.0 \
    --hash=sha256:43a0b8fd5a2928500110039e43a5eed8480b918967083ea48dc3ab9f13c4a7fb \
    --hash=sha256:8ab8b4aa3491d812b623328249fab5302a68d2d71745c8a4c719a2fcaba9f44e
typing-extensions==4.16.0 \
    --hash=sha256:481caa481374e813c1b176ada14e97f1f67a4539ce9cfeb3f350d78d6370c2e8 \
    --hash=sha256:dc983d19a509c94dba722ee6abd33940f7c05a89e243c47e907eb4db6f1a43e5
tzdata==2026.3 \
    --hash=sha256:4a1518b8993086a7982523e071643f3c0e5f213e75b21318e78bcabfff9d1415 \
    --hash=sha256:dc096730c87af6cab1b171c9d532be840741ff5d459015e7f6947bd7d7e54931
urllib3==2.7.0 \
    --hash=sha256:231e0ec3b63ceb14667c67be60f2f2c40a518cb38b03af60abc813da26505f4c \
    --hash=sha256:9fb4c81ebbb1ce9531cce37674bbc6f1360472bc18ca9a553ede278ef7276897
wheel==0.46.3 \
    --hash=sha256:4b399d56c9d9338230118d705d9737a2a468ccca63d5e813e2a4fc7815d8bc4d \
    --hash=sha256:e3e79874b07d776c40bd6033f8ddf76a7dad46a7b8aa1b2787a83083519a1803
wrapt==2.4.0 \
    --hash=sha256:0191d717dfbb8e519e7bfd4775e5b9bd57e359b3a09ab5db1ea47f6025b4d845 \
    --hash=sha256:0536f5d85ff6a157ebe7e0fe08c5479943742cf1ce59569075a66159efcbc495 \
    --hash=sha256:07daab5babb7edaf89413f5c8bd638474540fb2643b5dfb685bdc0680c96803a \
    --hash=sha256:08d8378c4514ac8dcc0ace76044cf87a873e6a52b5e6109834c8fb9037f4441b \
    --hash=sha256:09064c7be688c38c3ff125ce86bc26b69b5d78dd56062c3ddd9c814b2a25f1e1 \
    --hash=sha256:0972cd025f4c86fa2d8abd953d9f875779935343af58b4ce019ff89573fc65bd \
    --hash=sha256:0b8851a54b137eec9a8480d73cc1a309613e6a465d6f157300f1eb6b5b7c0505 \
    --hash=sha256:0eca69c9e93518240abe8801fb9b2726116a6e48172e4564c2651a2e14521747 \
    --hash=sha256:11ccb5f3de2047ef91408464abdc04682e40e7d7bc9614885d2abcaa7e2ef149 \
    --hash=sha256:15bb88c0a6c6312244917bb0a094368746fefb92663209363e16f20972a57b34 \
    --hash=sha256:1656de3835f760781c9b974bce07d8c04edb9c9ad7ad67264aee69cd68a1db09 \
    --hash=sha256:174f3576dacf55c8a7c21719d4b7c8088efb991888db5728cfc891b80b28853f \
    --hash=sha256:18aabd9301d06026f5900538051773d6f87f65ae02cdc60de482df978513dc0a \
    --hash=sha256:28f5de1526831b8f173889a436e289fe181ede8c66c9feb669d1aca8fd602eaf \
    --hash=sha256:2a9f1a2f75bb95257cc5744e255e10a5a86e923f328b40ad3dbf9d8d03430013 \
    --hash=sha256:2dc0f6412aaf5fc7e6a3abf119b7c671dbd026303daccac20112c046a48b68b9 \
    --hash=sha256:325c24cfddb46f93c931cf37fa3a9929ac94e70a5627efccd51283f9fd69c6db \
    --hash=sha256:328eb2d978ca3a6ae25f8d8fe560bf8f4bc9778b5932e7b142664eef05b92e8f \
    --hash=sha256:332d9bad7e9b718974bb2a576504c4956f45b4a0fcd7b3bb7827279167550464 \
    --hash=sha256:3367a5212212c9393e0d3ca6ae029b3a8fa40c5896e4a985d43fe8a4b8322f0d \
    --hash=sha256:36b56a4fba13b34ed8ff307557325fff215de0a58b5dbaef2c50e4d8aa39dbd1 \
    --hash=sha256:37ba372e9ae71ec43e165b5db05f52e71f7c07dafb9d6a254ef7128112dce751 \
    --hash=sha256:39cd68df4dff79f5336f9c745c06259d204bcb42d504040c9c91eac9e2abb39c \
    --hash=sha256:3a69161cae7f0dca44c89c1d14146b4a0508a0c3cad98b3f2db1f4e9016c94ba \
    --hash=sha256:3d5e5eb76fb87e62752af751d2dcd9d1cd986b12037d2e1363d109ba716029e8 \
    --hash=sha256:413e757dce7a43fcda8bb8441994b1127492ffac6a5803af777d44516df8c6e2 \
    --hash=sha256:430fde1a116df3ceb5c29035de1da6609b70e680d9b8ce3ee624422f3fe0978c \
    --hash=sha256:4597d19904b4aa97331d8bb651ac626d9397727e717942cf11bd7699ff97aa45 \
    --hash=sha256:49bb5a572469e0e18163a8ec2aa972135a0929899ecbe627665f274506e1b5b4 \
    --hash=sha256:4a1d591386ec4aa99780f672232868620f4f3b63401e2ceb529762580ef8c54e \
    --hash=sha256:4f8ddff4bbb75916be36da5169b8b9d475b59a1bd24acdb7551bb2c71be9aaac \
    --hash=sha256:52f01626f1d2bc54585954cd8b4931f81003b0ac8dad61c741f43014bc9a0f0b \
    --hash=sha256:5b8fff692f74782de89ba9d7b526a7cc398569b6a988ddc848159cc033c86237 \
    --hash=sha256:5c5c4c728cd22a36e4b8bb5df4a7d3bccaa865d27725b36eeb3b6f18fb2e1bc2 \
    --hash=sha256:5cc2e7c7b6032e11a2b367a9baadaf0c5241feff2d8205260d87f1aa6dbdf84b \
    --hash=sha256:5f041ed6a4d571010944bd6cfad9072db463e1851877b6d3227467a44af37456 \
    --hash=sha256:5f3bdfc35c83b562fcaebc0f24593045e5ed9f3b633adafd35222718a0ec38fa \
    --hash=sha256:635cc171ddfd72edff10e295a02daa65edaa1c0ba619ad11eeed15cd2258c5df \
    --hash=sha256:637fd6a18bb668a0c27b4767dcbc2fa93119c90da735bd2669fdde2d7b59fab3 \
    --hash=sha256:63b94f401d7ae3a9a3027472fd3a3ff38afd2ed293b2f0b3b84a6d133a9f99a3 \
    --hash=sha256:6436e2bda993a3eb69a1b317fc831c8ebcafb5704c390859ebd49f81218c4bbb \
    --hash=sha256:643e45aa88698c8aae938c50e61940985d4ab9e53ea666d3e8e4eb86a4820d0f \
    --hash=sha256:648d1d4f94e8a0a1656675c755f40d2f0ee5fe92c449ab45326f4ecc2738cbe8 \
    --hash=sha256:66e7512c0d324cc37bba1def2be1fc365cbb685d3aa393a8f6f4d2d00202881d \
    --hash=sha256:694005fdc3002ade0f21641408c588028abde03c85961f3ba7727d8bead3ed6b \
    --hash=sha256:6a48bc764deb585d3b8862544ca12df417109984e018767b4ac9aa46bbb55ccd \
    --hash=sha256:6b3e082d43f592fcd381aee46354a11ce887a813ce5bbcedd9766fd681723c09 \
    --hash=sha256:6b9b32d5e4f0a179cef5075cc79b79d6d3482c44c434c12969e48c6719e06d95 \
    --hash=sha256:6d57264c9dfcf37d2bf0b0fbec68d0f6184fc5617267619ada04d03e8b0231f3 \
    --hash=sha256:7082fc1f94b020ac275870c4af71b09cff22876fe6e9c4c0ad01ea21d217b288 \
    --hash=sha256:717dd7ef439863933664951f89902b7e0ee3652293543cb9917c2e16bbde1949 \
    --hash=sha256:72826910a1cf5a081234720fd43011304b899acfee219af49148155b4d795533 \
    --hash=sha256:75529a2fb569a671cf162f762c1b576f569f571b55ec7f3481258ca842ba507f \
    --hash=sha256:75944792cf6b99262d649d55710bf5901f7013fbb212c7a1d736b97a20517607 \
    --hash=sha256:788e473d1a6786d29d577b1e2bd95e214c09cdafde84907c522c31069c9acfac \
    --hash=sha256:7a057d376d994da6bd1bbf955ecfda699aa7353826f98847f5605e1801abdfd4 \
    --hash=sha256:7a27d9653e0f88aa06598954337a545fc3f75bc811df897157a8614846d18d9c \
    --hash=sha256:7d28f8f35a02d49f75f57fa4e755db4ba33f65841c0de64cd65b253916f5bf06 \
    --hash=sha256:7de5b8d94417e55c02be50cc226e0ae1209bbc73813bf691dff3979c94438115 \
    --hash=sha256:811a36628d8b76724b980d508d576e5c5ecae1073b6ec4b4eb21646921906fe6 \
    --hash=sha256:85ed3c67fd39e8d9a36c224758cb6f2f4eb277d07ea677930caa0008c18ec002 \
    --hash=sha256:8763ad01e3725b7751a4575f38bbcc19c0aa0822fec91c5c5bd21ce3ce7e1d2b \
    --hash=sha256:8828369b7d3e93c547cc8ad931b5a57b4e8d174035c82762fb1091e7d05ac9f5 \
    --hash=sha256:8b464316489fb2fca0669ea0f8f07290054a0f26fc72982d3e4cf95469628ba9 \
    --hash=sha256:9125c6dbe8b88c00dd8ef4fc1e55757e8eb4720b6b2b2cc610a45bd32bd28c57 \
    --hash=sha256:93180c2199784dd6a1075b33f9ed636bd0966821edbece6b3d5379b1c4f0bb7d \
    --hash=sha256:932a8892265df7b71257c30e5752635bc1f06a8c4e264024ff031bdf9bb10918 \
    --hash=sha256:947bd4b3438167b3638bf5477cb83a068a586ffb6d331ac427f39839c2b93b3c \
    --hash=sha256:9905bceb7b2833559518574ad6259d2ec9ffd111a0aa330ca685db74478e1ae3 \
    --hash=sha256:9c884240e7415d3a384e70a15ceea0e884cc9289bcc254afd6412d4e7cf99c47 \
    --hash=sha256:a1117c63a39ba4d1b884e658089e512412d5174217ea1b4fe570977e42a5b129 \
    --hash=sha256:a112a1bfdd2621e4344cb0a32dbaab80636b32dac1b055d03fbb2a67d806d1db \
    --hash=sha256:a67ec80d15ac199d4a9a04a33f3039a1c219c9bf1c07b1b0422497613f167fb9 \
    --hash=sha256:a9ca1cdb3f7facb4990c7739ea5afbaceeb6728d066feedde03a4cfe83b29b03 \
    --hash=sha256:abc347e92f9202c8ac1d5c1626a800fd5e56e13433f0651b26dddda5b421ac79 \
    --hash=sha256:b1737f46b1e4a81eb93500a7f2854319e1c7a86e8863fb050b7b4daadd5a4178 \
    --hash=sha256:b33df90f3d1e5b1c8811830b11a3e718b4f3a2823b748fa9be1688cb82b193f1 \
    --hash=sha256:be535bdfbedda84cb8ebc6a80955dfd03d46840c13470486bd038f089e38b172 \
    --hash=sha256:c246aaed719dcdb62eeb7b8d9306a6237777226ef3baad35919c4ae134c91ce7 \
    --hash=sha256:c4b42c92df24a986da7e2b5b44fb142504d858c54a276f9f366983ca4482dfda \
    --hash=sha256:c4fca1e63af6675af3df7cdfcd5a0c878b5e655c7e48611ced9dc8d62183a11d \
    --hash=sha256:d294576fddac636589e4deccfe782e8f429da10f167c1985c4d51071de3672b7 \
    --hash=sha256:d5f45bead708e2c0014be5e98531ce7202916b098a208c7be83c6ceb0a2559fa \
    --hash=sha256:d7c496a966d70f8caf215faddc00de9931a5bf652664221b785a73b20229a696 \
    --hash=sha256:d7dbbdbfdacb85c2d962fa52db791c77943fd777d600d74c95af2d53b32f5a94 \
    --hash=sha256:d8e6e1e5dc684dfce7c33fc8b67a08ba2af94f3a45cfc70d5c1d6a839d2caf97 \
    --hash=sha256:db1285071ea09a7767fac608e7b5c7b03c09833b06186875a359905fbc659d29 \
    --hash=sha256:e084558fbd112d2e1e34b0f5c71e45a3405bdad51a17150368a959bcf6697964 \
    --hash=sha256:e52c6a5be3284719e53b629ccfa565c146e604e861de35e861c94f7622806eb5 \
    --hash=sha256:e78c947e18fadfd690c9420c30a96d221feeb93fc8f1cc00509b370ac16c3114 \
    --hash=sha256:e8df31a126a0a247c1aa379e30873839de03912dea09ca360c680f3625d815df \
    --hash=sha256:e9e7e94472f0e3f1447caf27e1939eb384d0e87972a35a05f5c2e0968e9c01af \
    --hash=sha256:e9f8017443595870aa31f46125553a5c55ce95a26a267b96261baee6ba566d83 \
    --hash=sha256:ef4e2d6e399ce6eecc80179a6b9ef6544f121288f95fc132bc36c9d9503903af \
    --hash=sha256:ef9797bf7c6f9ad9d294538c4f9a64ef3dbbadb63590a9a067393fd49ba28b0f \
    --hash=sha256:efd9a4be6785295e471f71efdf5682bd11d5b822b9665e6e1b4844917cf2f7ac \
    --hash=sha256:f1e9e088094f4895f84ab043e7d59401df137d663efbf1e80c82144882960830 \
    --hash=sha256:f43af38a642c3d6062e9740d8f5cc0feb5dbe0da516702df892147393b8cb14d \
    --hash=sha256:f53837b56ca834f381d300621f8c9525b9da517331ce0f4b805ed08f63bedcd7 \
    --hash=sha256:f7fed45dbadf5d98a52bfff9624d3cca00affeb9543d493c9632b7a53cdd35c9 \
    --hash=sha256:fc1b2cebd6d8db9b4ac0adc817c08b4901922e85604ae2a69aecb5217b2c09d8
xgboost==3.4.0 \
    --hash=sha256:1aaf7fb7af8ab306b1ef20f9576dbc1a06a7a42d2a366169650d024138d39638 \
    --hash=sha256:23c62770c38fb9acd8b40d6c7df6de8fa077ef7afcb84aafd898faabbec639f9 \
    --hash=sha256:7c328ab0fe446883271aab194ce1e4f49b37b4bd919a258a3ca74fb83e64029c \
    --hash=sha256:9cdc68b992e55717438122174e2b3d9527c59882818fb954a329a62786012709 \
    --hash=sha256:a6b5d114e7186b5a68c5b08b42297fc76c8c5d7292294220cdb12a6efd59977e \
    --hash=sha256:ba132153e3c696f090be808bc42b8e4248932ab9a4ee66441154c954789b507c \
    --hash=sha256:bc7aeee7c72e827f6406e8dc1f56c4c13d2ff2470fc6b4093b07c1e84b6c3920
